
Microsoft Visual Studio Solution File, Format Version 12.00
# Visual Studio Version 16
VisualStudioVersion = 16.0.29613.14
MinimumVisualStudioVersion = 10.0.40219.1
Project("{FAE04EC0-301F-11D3-BF4B-00C04F79EFBC}") = "MadPay724.Data", "MadPay724.Data\MadPay724.Data.csproj", "{74E26FFF-21CD-4CD6-B853-CB5AEFB988E7}"
EndProject
Project("{FAE04EC0-301F-11D3-BF4B-00C04F79EFBC}") = "MadPay724.Common", "MadPay724.Common\MadPay724.Common.csproj", "{6D7B3207-2FE9-47DE-934C-154502F65A1F}"
EndProject
Project("{FAE04EC0-301F-11D3-BF4B-00C04F79EFBC}") = "MadPay724.Services", "MadPay724.Services\MadPay724.Services.csproj", "{B385975B-8E32-46A4-9B67-6D3C21DAEDDD}"
EndProject
Project("{FAE04EC0-301F-11D3-BF4B-00C04F79EFBC}") = "MadPay724.Presentation", "MadPay724.Presentation\MadPay724.Presentation.csproj", "{BA626456-16D3-4ECC-9C40-2F93421FF47B}"
EndProject
Project("{FAE04EC0-301F-11D3-BF4B-00C04F79EFBC}") = "MadPay724.Repo", "MadPay724.Repo\MadPay724.Repo.csproj", "{0C9F3904-A205-4F68-8644-9BD55847D0B8}"
EndProject
Global
	GlobalSection(SolutionConfigurationPlatforms) = preSolution
		Debug|Any CPU = Debug|Any CPU
		Release|Any CPU = Release|Any CPU
	EndGlobalSection
	GlobalSection(ProjectConfigurationPlatforms) = postSolution
		{74E26FFF-21CD-4CD6-B853-CB5AEFB988E7}.Debug|Any CPU.ActiveCfg = Debug|Any CPU
		{74E26FFF-21CD-4CD6-B853-CB5AEFB988E7}.Debug|Any CPU.Build.0 = Debug|Any CPU
		{74E26FFF-21CD-4CD6-B853-CB5AEFB988E7}.Release|Any CPU.ActiveCfg = Release|Any CPU
		{74E26FFF-21CD-4CD6-B853-CB5AEFB988E7}.Release|Any CPU.Build.0 = Release|Any CPU
		{6D7B3207-2FE9-47DE-934C-154502F65A1F}.Debug|Any CPU.ActiveCfg = Debug|Any CPU
		{6D7B3207-2FE9-47DE-934C-154502F65A1F}.Debug|Any CPU.Build.0 = Debug|Any CPU
		{6D7B3207-2FE9-47DE-934C-154502F65A1F}.Release|Any CPU.ActiveCfg = Release|Any CPU
		{6D7B3207-2FE9-47DE-934C-154502F65A1F}.Release|Any CPU.Build.0 = Release|Any CPU
		{B385975B-8E32-46A4-9B67-6D3C21DAEDDD}.Debug|Any CPU.ActiveCfg = Debug|Any CPU
		{B385975B-8E32-46A4-9B67-6D3C21DAEDDD}.Debug|Any CPU.Build.0 = Debug|Any CPU
		{B385975B-8E32-46A4-9B67-6D3C21DAEDDD}.Release|Any CPU.ActiveCfg = Release|Any CPU
		{B385975B-8E32-46A4-9B67-6D3C21DAEDDD}.Release|Any CPU.Build.0 = Release|Any CPU
		{BA626456-16D3-4ECC-9C40-2F93421FF47B}.Debug|Any CPU.ActiveCfg = Debug|Any CPU
		{BA626456-16D3-4ECC-9C40-2F93421FF47B}.Debug|Any CPU.Build.0 = Debug|Any CPU
		{BA626456-16D3-4ECC-9C40-2F93421FF47B}.Release|Any CPU.ActiveCfg = Release|Any CPU
		{BA626456-16D3-4ECC-9C40-2F93421FF47B}.Release|Any CPU.Build.0 = Release|Any CPU
		{0C9F3904-A205-4F68-8644-9BD55847D0B8}.Debug|Any CPU.ActiveCfg = Debug|Any CPU
		{0C9F3904-A205-4F68-8644-9BD55847D0B8}.Debug|Any CPU.Build.0 = Debug|Any CPU
		{0C9F3904-A205-4F68-8644-9BD55847D0B8}.Release|Any CPU.ActiveCfg = Release|Any CPU
		{0C9F3904-A205-4F68-8644-9BD55847D0B8}.Release|Any CPU.Build.0 = Release|Any CPU
	EndGlobalSection
	GlobalSection(SolutionProperties) = preSolution
		HideSolutionNode = FALSE
	EndGlobalSection
	GlobalSection(ExtensibilityGlobals) = postSolution
		SolutionGuid = {88980BE7-F529-4783-8F44-24C6F3C245FA}
	EndGlobalSection
EndGlobal
